// !$*UTF8*$!
{
	archiveVersion = 1;
	classes = {
	};
	objectVersion = 55;
	objects = {

/* Begin PBXBuildFile section */
		2225BE0827C9CCEB00CABF00 /* AppDelegate.m in Sources */ = {isa = PBXBuildFile; fileRef = 2225BE0727C9CCEB00CABF00 /* AppDelegate.m */; };
		2225BE0B27C9CCEB00CABF00 /* SceneDelegate.m in Sources */ = {isa = PBXBuildFile; fileRef = 2225BE0A27C9CCEB00CABF00 /* SceneDelegate.m */; };
		2225BE0E27C9CCEB00CABF00 /* ViewController.m in Sources */ = {isa = PBXBuildFile; fileRef = 2225BE0D27C9CCEB00CABF00 /* ViewController.m */; };
		2225BE1127C9CCEB00CABF00 /* Main.storyboard in Resources */ = {isa = PBXBuildFile; fileRef = 2225BE0F27C9CCEB00CABF00 /* Main.storyboard */; };
		2225BE1327C9CCEC00CABF00 /* Assets.xcassets in Resources */ = {isa = PBXBuildFile; fileRef = 2225BE1227C9CCEC00CABF00 /* Assets.xcassets */; };
		2225BE1627C9CCEC00CABF00 /* LaunchScreen.storyboard in Resources */ = {isa = PBXBuildFile; fileRef = 2225BE1427C9CCEC00CABF00 /* LaunchScreen.storyboard */; };
		2225BE1927C9CCEC00CABF00 /* main.m in Sources */ = {isa = PBXBuildFile; fileRef = 2225BE1827C9CCEC00CABF00 /* main.m */; };
		2225BE2127C9D11100CABF00 /* 2.jpg in Resources */ = {isa = PBXBuildFile; fileRef = 2225BE1F27C9D11100CABF00 /* 2.jpg */; };
		2225BE2227C9D11100CABF00 /* 1.jpg in Resources */ = {isa = PBXBuildFile; fileRef = 2225BE2027C9D11100CABF00 /* 1.jpg */; };
		2225BE2527CB2E9800CABF00 /* ICPageImageView.m in Sources */ = {isa = PBXBuildFile; fileRef = 2225BE2427CB2E9800CABF00 /* ICPageImageView.m */; };
/* End PBXBuildFile section */

/* Begin PBXFileReference section */
		2225BE0327C9CCEB00CABF00 /* CoreAnimationContentsTest.app */ = {isa = PBXFileReference; explicitFileType = wrapper.application; includeInIndex = 0; path = CoreAnimationContentsTest.app; sourceTree = BUILT_PRODUCTS_DIR; };
		2225BE0627C9CCEB00CABF00 /* AppDelegate.h */ = {isa = PBXFileReference; lastKnownFileType = sourcecode.c.h; path = AppDelegate.h; sourceTree = "<group>"; };
		2225BE0727C9CCEB00CABF00 /* AppDelegate.m */ = {isa = PBXFileReference; lastKnownFileType = sourcecode.c.objc; path = AppDelegate.m; sourceTree = "<group>"; };
		2225BE0927C9CCEB00CABF00 /* SceneDelegate.h */ = {isa = PBXFileReference; lastKnownFileType = sourcecode.c.h; path = SceneDelegate.h; sourceTree = "<group>"; };
		2225BE0A27C9CCEB00CABF00 /* SceneDelegate.m */ = {isa = PBXFileReference; lastKnownFileType = sourcecode.c.objc; path = SceneDelegate.m; sourceTree = "<group>"; };
		2225BE0C27C9CCEB00CABF00 /* ViewController.h */ = {isa = PBXFileReference; lastKnownFileType = sourcecode.c.h; path = ViewController.h; sourceTree = "<group>"; };
		2225BE0D27C9CCEB00CABF00 /* ViewController.m */ = {isa = PBXFileReference; lastKnownFileType = sourcecode.c.objc; path = ViewController.m; sourceTree = "<group>"; };
		2225BE1027C9CCEB00CABF00 /* Base */ = {isa = PBXFileReference; lastKnownFileType = file.storyboard; name = Base; path = Base.lproj/Main.storyboard; sourceTree = "<group>"; };
		2225BE1227C9CCEC00CABF00 /* Assets.xcassets */ = {isa = PBXFileReference; lastKnownFileType = folder.assetcatalog; path = Assets.xcassets; sourceTree = "<group>"; };
		2225BE1527C9CCEC00CABF00 /* Base */ = {isa = PBXFileReference; lastKnownFileType = file.storyboard; name = Base; path = Base.lproj/LaunchScreen.storyboard; sourceTree = "<group>"; };
		2225BE1727C9CCEC00CABF00 /* Info.plist */ = {isa = PBXFileReference; lastKnownFileType = text.plist.xml; path = Info.plist; sourceTree = "<group>"; };
		2225BE1827C9CCEC00CABF00 /* main.m */ = {isa = PBXFileReference; lastKnownFileType = sourcecode.c.objc; path = main.m; sourceTree = "<group>"; };
		2225BE1F27C9D11100CABF00 /* 2.jpg */ = {isa = PBXFileReference; lastKnownFileType = image.jpeg; path = 2.jpg; sourceTree = "<group>"; };
		2225BE2027C9D11100CABF00 /* 1.jpg */ = {isa = PBXFileReference; lastKnownFileType = image.jpeg; path = 1.jpg; sourceTree = "<group>"; };
		2225BE2327CB2E9800CABF00 /* ICPageImageView.h */ = {isa = PBXFileReference; lastKnownFileType = sourcecode.c.h; path = ICPageImageView.h; sourceTree = "<group>"; };
		2225BE2427CB2E9800CABF00 /* ICPageImageView.m */ = {isa = PBXFileReference; lastKnownFileType = sourcecode.c.objc; path = ICPageImageView.m; sourceTree = "<group>"; };
/* End PBXFileReference section */

/* Begin PBXFrameworksBuildPhase section */
		2225BE0027C9CCEB00CABF00 /* Frameworks */ = {
			isa = PBXFrameworksBuildPhase;
			buildActionMask = 2147483647;
			files = (
			);
			runOnlyForDeploymentPostprocessing = 0;
		};
/* End PBXFrameworksBuildPhase section */

/* Begin PBXGroup section */
		2225BDFA27C9CCEB00CABF00 = {
			isa = PBXGroup;
			children = (
				2225BE0527C9CCEB00CABF00 /* CoreAnimationContentsTest */,
				2225BE0427C9CCEB00CABF00 /* Products */,
			);
			sourceTree = "<group>";
		};
		2225BE0427C9CCEB00CABF00 /* Products */ = {
			isa = PBXGroup;
			children = (
				2225BE0327C9CCEB00CABF00 /* CoreAnimationContentsTest.app */,
			);
			name = Products;
			sourceTree = "<group>";
		};
		2225BE0527C9CCEB00CABF00 /* CoreAnimationContentsTest */ = {
			isa = PBXGroup;
			children = (
				2225BE2027C9D11100CABF00 /* 1.jpg */,
				2225BE1F27C9D11100CABF00 /* 2.jpg */,
				2225BE0627C9CCEB00CABF00 /* AppDelegate.h */,
				2225BE0727C9CCEB00CABF00 /* AppDelegate.m */,
				2225BE0927C9CCEB00CABF00 /* SceneDelegate.h */,
				2225BE0A27C9CCEB00CABF00 /* SceneDelegate.m */,
				2225BE0C27C9CCEB00CABF00 /* ViewController.h */,
				2225BE0D27C9CCEB00CABF00 /* ViewController.m */,
				2225BE0F27C9CCEB00CABF00 /* Main.storyboard */,
				2225BE1227C9CCEC00CABF00 /* Assets.xcassets */,
				2225BE1427C9CCEC00CABF00 /* LaunchScreen.storyboard */,
				2225BE1727C9CCEC00CABF00 /* Info.plist */,
				2225BE1827C9CCEC00CABF00 /* main.m */,
				2225BE2327CB2E9800CABF00 /* ICPageImageView.h */,
				2225BE2427CB2E9800CABF00 /* ICPageImageView.m */,
			);
			path = CoreAnimationContentsTest;
			sourceTree = "<group>";
		};
/* End PBXGroup section */

/* Begin PBXNativeTarget section */
		2225BE0227C9CCEB00CABF00 /* CoreAnimationContentsTest */ = {
			isa = PBXNativeTarget;
			buildConfigurationList = 2225BE1C27C9CCEC00CABF00 /* Build configuration list for PBXNativeTarget "CoreAnimationContentsTest" */;
			buildPhases = (
				2225BDFF27C9CCEB00CABF00 /* Sources */,
				2225BE0027C9CCEB00CABF00 /* Frameworks */,
				2225BE0127C9CCEB00CABF00 /* Resources */,
			);
			buildRules = (
			);
			dependencies = (
			);
			name = CoreAnimationContentsTest;
			productName = CoreAnimationContentsTest;
			productReference = 2225BE0327C9CCEB00CABF00 /* CoreAnimationContentsTest.app */;
			productType = "com.apple.product-type.application";
		};
/* End PBXNativeTarget section */

/* Begin PBXProject section */
		2225BDFB27C9CCEB00CABF00 /* Project object */ = {
			isa = PBXProject;
			attributes = {
				BuildIndependentTargetsInParallel = 1;
				LastUpgradeCheck = 1320;
				TargetAttributes = {
					2225BE0227C9CCEB00CABF00 = {
						CreatedOnToolsVersion = 13.2.1;
					};
				};
			};
			buildConfigurationList = 2225BDFE27C9CCEB00CABF00 /* Build configuration list for PBXProject "CoreAnimationContentsTest" */;
			compatibilityVersion = "Xcode 13.0";
			developmentRegion = en;
			hasScannedForEncodings = 0;
			knownRegions = (
				en,
				Base,
			);
			mainGroup = 2225BDFA27C9CCEB00CABF00;
			productRefGroup = 2225BE0427C9CCEB00CABF00 /* Products */;
			projectDirPath = "";
			projectRoot = "";
			targets = (
				2225BE0227C9CCEB00CABF00 /* CoreAnimationContentsTest */,
			);
		};
/* End PBXProject section */

/* Begin PBXResourcesBuildPhase section */
		2225BE0127C9CCEB00CABF00 /* Resources */ = {
			isa = PBXResourcesBuildPhase;
			buildActionMask = 2147483647;
			files = (
				2225BE1627C9CCEC00CABF00 /* LaunchScreen.storyboard in Resources */,
				2225BE2227C9D11100CABF00 /* 1.jpg in Resources */,
				2225BE2127C9D11100CABF00 /* 2.jpg in Resources */,
				2225BE1327C9CCEC00CABF00 /* Assets.xcassets in Resources */,
				2225BE1127C9CCEB00CABF00 /* Main.storyboard in Resources */,
			);
			runOnlyForDeploymentPostprocessing = 0;
		};
/* End PBXResourcesBuildPhase section */

/* Begin PBXSourcesBuildPhase section */
		2225BDFF27C9CCEB00CABF00 /* Sources */ = {
			isa = PBXSourcesBuildPhase;
			buildActionMask = 2147483647;
			files = (
				2225BE0E27C9CCEB00CABF00 /* ViewController.m in Sources */,
				2225BE2527CB2E9800CABF00 /* ICPageImageView.m in Sources */,
				2225BE0827C9CCEB00CABF00 /* AppDelegate.m in Sources */,
				2225BE1927C9CCEC00CABF00 /* main.m in Sources */,
				2225BE0B27C9CCEB00CABF00 /* SceneDelegate.m in Sources */,
			);
			runOnlyForDeploymentPostprocessing = 0;
		};
/* End PBXSourcesBuildPhase section */

/* Begin PBXVariantGroup section */
		2225BE0F27C9CCEB00CABF00 /* Main.storyboard */ = {
			isa = PBXVariantGroup;
			children = (
				2225BE1027C9CCEB00CABF00 /* Base */,
			);
			name = Main.storyboard;
			sourceTree = "<group>";
		};
		2225BE1427C9CCEC00CABF00 /* LaunchScreen.storyboard */ = {
			isa = PBXVariantGroup;
			children = (
				2225BE1527C9CCEC00CABF00 /* Base */,
			);
			name = LaunchScreen.storyboard;
			sourceTree = "<group>";
		};
/* End PBXVariantGroup section */

/* Begin XCBuildConfiguration section */
		2225BE1A27C9CCEC00CABF00 /* Debug */ = {
			isa = XCBuildConfiguration;
			buildSettings = {
				ALWAYS_SEARCH_USER_PATHS = NO;
				CLANG_ANALYZER_NONNULL = YES;
				CLANG_ANALYZER_NUMBER_OBJECT_CONVERSION = YES_AGGRESSIVE;
				CLANG_CXX_LANGUAGE_STANDARD = "gnu++17";
				CLANG_CXX_LIBRARY = "libc++";
				CLANG_ENABLE_MODULES = YES;
				CLANG_ENABLE_OBJC_ARC = YES;
				CLANG_ENABLE_OBJC_WEAK = YES;
				CLANG_WARN_BLOCK_CAPTURE_AUTORELEASING = YES;
				CLANG_WARN_BOOL_CONVERSION = YES;
				CLANG_WARN_COMMA = YES;
				CLANG_WARN_CONSTANT_CONVERSION = YES;
				CLANG_WARN_DEPRECATED_OBJC_IMPLEMENTATIONS = YES;
				CLANG_WARN_DIRECT_OBJC_ISA_USAGE = YES_ERROR;
				CLANG_WARN_DOCUMENTATION_COMMENTS = YES;
				CLANG_WARN_EMPTY_BODY = YES;
				CLANG_WARN_ENUM_CONVERSION = YES;
				CLANG_WARN_INFINITE_RECURSION = YES;
				CLANG_WARN_INT_CONVERSION = YES;
				CLANG_WARN_NON_LITERAL_NULL_CONVERSION = YES;
				CLANG_WARN_OBJC_IMPLICIT_RETAIN_SELF = YES;
				CLANG_WARN_OBJC_LITERAL_CONVERSION = YES;
				CLANG_WARN_OBJC_ROOT_CLASS = YES_ERROR;
				CLANG_WARN_QUOTED_INCLUDE_IN_FRAMEWORK_HEADER = YES;
				CLANG_WARN_RANGE_LOOP_ANALYSIS = YES;
				CLANG_WARN_STRICT_PROTOTYPES = YES;
				CLANG_WARN_SUSPICIOUS_MOVE = YES;
				CLANG_WARN_UNGUARDED_AVAILABILITY = YES_AGGRESSIVE;
				CLANG_WARN_UNREACHABLE_CODE = YES;
				CLANG_WARN__DUPLICATE_METHOD_MATCH = YES;
				COPY_PHASE_STRIP = NO;
				DEBUG_INFORMATION_FORMAT = dwarf;
				ENABLE_STRICT_OBJC_MSGSEND = YES;
				ENABLE_TESTABILITY = YES;
				GCC_C_LANGUAGE_STANDARD = gnu11;
				GCC_DYNAMIC_NO_PIC = NO;
				GCC_NO_COMMON_BLOCKS = YES;
				GCC_OPTIMIZATION_LEVEL = 0;
				GCC_PREPROCESSOR_DEFINITIONS = (
					"DEBUG=1",
					"$(inherited)",
				);
				GCC_WARN_64_TO_32_BIT_CONVERSION = YES;
				GCC_WARN_ABOUT_RETURN_TYPE = YES_ERROR;
				GCC_WARN_UNDECLARED_SELECTOR = YES;
				GCC_WARN_UNINITIALIZED_AUTOS = YES_AGGRESSIVE;
				GCC_WARN_UNUSED_FUNCTION = YES;
				GCC_WARN_UNUSED_VARIABLE = YES;
				IPHONEOS_DEPLOYMENT_TARGET = 15.2;
				MTL_ENABLE_DEBUG_INFO = INCLUDE_SOURCE;
				MTL_FAST_MATH = YES;
				ONLY_ACTIVE_ARCH = YES;
				SDKROOT = iphoneos;
			};
			name = Debug;
		};
		2225BE1B27C9CCEC00CABF00 /* Release */ = {
			isa = XCBuildConfiguration;
			buildSettings = {
				ALWAYS_SEARCH_USER_PATHS = NO;
				CLANG_ANALYZER_NONNULL = YES;
				CLANG_ANALYZER_NUMBER_OBJECT_CONVERSION = YES_AGGRESSIVE;
				CLANG_CXX_LANGUAGE_STANDARD = "gnu++17";
				CLANG_CXX_LIBRARY = "libc++";
				CLANG_ENABLE_MODULES = YES;
				CLANG_ENABLE_OBJC_ARC = YES;
				CLANG_ENABLE_OBJC_WEAK = YES;
				CLANG_WARN_BLOCK_CAPTURE_AUTORELEASING = YES;
				CLANG_WARN_BOOL_CONVERSION = YES;
				CLANG_WARN_COMMA = YES;
				CLANG_WARN_CONSTANT_CONVERSION = YES;
				CLANG_WARN_DEPRECATED_OBJC_IMPLEMENTATIONS = YES;
				CLANG_WARN_DIRECT_OBJC_ISA_USAGE = YES_ERROR;
				CLANG_WARN_DOCUMENTATION_COMMENTS = YES;
				CLANG_WARN_EMPTY_BODY = YES;
				CLANG_WARN_ENUM_CONVERSION = YES;
				CLANG_WARN_INFINITE_RECURSION = YES;
				CLANG_WARN_INT_CONVERSION = YES;
				CLANG_WARN_NON_LITERAL_NULL_CONVERSION = YES;
				CLANG_WARN_OBJC_IMPLICIT_RETAIN_SELF = YES;
				CLANG_WARN_OBJC_LITERAL_CONVERSION = YES;
				CLANG_WARN_OBJC_ROOT_CLASS = YES_ERROR;
				CLANG_WARN_QUOTED_INCLUDE_IN_FRAMEWORK_HEADER = YES;
				CLANG_WARN_RANGE_LOOP_ANALYSIS = YES;
				CLANG_WARN_STRICT_PROTOTYPES = YES;
				CLANG_WARN_SUSPICIOUS_MOVE = YES;
				CLANG_WARN_UNGUARDED_AVAILABILITY = YES_AGGRESSIVE;
				CLANG_WARN_UNREACHABLE_CODE = YES;
				CLANG_WARN__DUPLICATE_METHOD_MATCH = YES;
				COPY_PHASE_STRIP = NO;
				DEBUG_INFORMATION_FORMAT = "dwarf-with-dsym";
				ENABLE_NS_ASSERTIONS = NO;
				ENABLE_STRICT_OBJC_MSGSEND = YES;
				GCC_C_LANGUAGE_STANDARD = gnu11;
				GCC_NO_COMMON_BLOCKS = YES;
				GCC_WARN_64_TO_32_BIT_CONVERSION = YES;
				GCC_WARN_ABOUT_RETURN_TYPE = YES_ERROR;
				GCC_WARN_UNDECLARED_SELECTOR = YES;
				GCC_WARN_UNINITIALIZED_AUTOS = YES_AGGRESSIVE;
				GCC_WARN_UNUSED_FUNCTION = YES;
				GCC_WARN_UNUSED_VARIABLE = YES;
				IPHONEOS_DEPLOYMENT_TARGET = 15.2;
				MTL_ENABLE_DEBUG_INFO = NO;
				MTL_FAST_MATH = YES;
				SDKROOT = iphoneos;
				VALIDATE_PRODUCT = YES;
			};
			name = Release;
		};
		2225BE1D27C9CCEC00CABF00 /* Debug */ = {
			isa = XCBuildConfiguration;
			buildSettings = {
				ASSETCATALOG_COMPILER_APPICON_NAME = AppIcon;
				ASSETCATALOG_COMPILER_GLOBAL_ACCENT_COLOR_NAME = AccentColor;
				CODE_SIGN_STYLE = Automatic;
				CURRENT_PROJECT_VERSION = 1;
				DEVELOPMENT_TEAM = 6LF3GMKZAB;
				GENERATE_INFOPLIST_FILE = YES;
				INFOPLIST_FILE = CoreAnimationContentsTest/Info.plist;
				INFOPLIST_KEY_UIApplicationSupportsIndirectInputEvents = YES;
				INFOPLIST_KEY_UILaunchStoryboardName = LaunchScreen;
				INFOPLIST_KEY_UIMainStoryboardFile = Main;
				INFOPLIST_KEY_UISupportedInterfaceOrientations_iPad = "UIInterfaceOrientationPortrait UIInterfaceOrientationPortraitUpsideDown UIInterfaceOrientationLandscapeLeft UIInterfaceOrientationLandscapeRight";
				INFOPLIST_KEY_UISupportedInterfaceOrientations_iPhone = "UIInterfaceOrientationPortrait UIInterfaceOrientationLandscapeLeft UIInterfaceOrientationLandscapeRight";
				IPHONEOS_DEPLOYMENT_TARGET = 9.0;
				LD_RUNPATH_SEARCH_PATHS = (
					"$(inherited)",
					"@executable_path/Frameworks",
				);
				MARKETING_VERSION = 1.0;
				PRODUCT_BUNDLE_IDENTIFIER = dev.tim.CoreAnimationContentsTest;
				PRODUCT_NAME = "$(TARGET_NAME)";
				SWIFT_EMIT_LOC_STRINGS = YES;
				TARGETED_DEVICE_FAMILY = "1,2";
			};
			name = Debug;
		};
		2225BE1E27C9CCEC00CABF00 /* Release */ = {
			isa = XCBuildConfiguration;
			buildSettings = {
				ASSETCATALOG_COMPILER_APPICON_NAME = AppIcon;
				ASSETCATALOG_COMPILER_GLOBAL_ACCENT_COLOR_NAME = AccentColor;
				CODE_SIGN_STYLE = Automatic;
				CURRENT_PROJECT_VERSION = 1;
				DEVELOPMENT_TEAM = 6LF3GMKZAB;
				GENERATE_INFOPLIST_FILE = YES;
				INFOPLIST_FILE = CoreAnimationContentsTest/Info.plist;
				INFOPLIST_KEY_UIApplicationSupportsIndirectInputEvents = YES;
				INFOPLIST_KEY_UILaunchStoryboardName = LaunchScreen;
				INFOPLIST_KEY_UIMainStoryboardFile = Main;
				INFOPLIST_KEY_UISupportedInterfaceOrientations_iPad = "UIInterfaceOrientationPortrait UIInterfaceOrientationPortraitUpsideDown UIInterfaceOrientationLandscapeLeft UIInterfaceOrientationLandscapeRight";
				INFOPLIST_KEY_UISupportedInterfaceOrientations_iPhone = "UIInterfaceOrientationPortrait UIInterfaceOrientationLandscapeLeft UIInterfaceOrientationLandscapeRight";
				IPHONEOS_DEPLOYMENT_TARGET = 9.0;
				LD_RUNPATH_SEARCH_PATHS = (
					"$(inherited)",
					"@executable_path/Frameworks",
				);
				MARKETING_VERSION = 1.0;
				PRODUCT_BUNDLE_IDENTIFIER = dev.tim.CoreAnimationContentsTest;
				PRODUCT_NAME = "$(TARGET_NAME)";
				SWIFT_EMIT_LOC_STRINGS = YES;
				TARGETED_DEVICE_FAMILY = "1,2";
			};
			name = Release;
		};
/* End XCBuildConfiguration section */

/* Begin XCConfigurationList section */
		2225BDFE27C9CCEB00CABF00 /* Build configuration list for PBXProject "CoreAnimationContentsTest" */ = {
			isa = XCConfigurationList;
			buildConfigurations = (
				2225BE1A27C9CCEC00CABF00 /* Debug */,
				2225BE1B27C9CCEC00CABF00 /* Release */,
			);
			defaultConfigurationIsVisible = 0;
			defaultConfigurationName = Release;
		};
		2225BE1C27C9CCEC00CABF00 /* Build configuration list for PBXNativeTarget "CoreAnimationContentsTest" */ = {
			isa = XCConfigurationList;
			buildConfigurations = (
				2225BE1D27C9CCEC00CABF00 /* Debug */,
				2225BE1E27C9CCEC00CABF00 /* Release */,
			);
			defaultConfigurationIsVisible = 0;
			defaultConfigurationName = Release;
		};
/* End XCConfigurationList section */
	};
	rootObject = 2225BDFB27C9CCEB00CABF00 /* Project object */;
}
